
Microsoft Visual Studio Solution File, Format Version 12.00
# Visual Studio Version 17
VisualStudioVersion = 17.0.31903.59
MinimumVisualStudioVersion = 10.0.40219.1
Project("{FAE04EC0-301F-11D3-BF4B-00C04F79EFBC}") = "LogMailGunSvc", "WindowsServiceCS\LogMailGunSvc.csproj", "{A83430C4-A230-4CF5-817A-38DBE150BE7E}"
EndProject
Project("{2150E333-8FDC-42A3-9474-1A3956D46DE8}") = "Solution Items", "Solution Items", "{8FF53754-E955-4A8E-BDC0-BF6C4B4D1908}"
	ProjectSection(SolutionItems) = preProject
		.editorconfig = .editorconfig
	EndProjectSection
EndProject
Global
	GlobalSection(SolutionConfigurationPlatforms) = preSolution
		Debug|x86 = Debug|x86
		Release|x86 = Release|x86
	EndGlobalSection
	GlobalSection(ProjectConfigurationPlatforms) = postSolution
		{A83430C4-A230-4CF5-817A-38DBE150BE7E}.Debug|x86.ActiveCfg = Debug|x86
		{A83430C4-A230-4CF5-817A-38DBE150BE7E}.Debug|x86.Build.0 = Debug|x86
		{A83430C4-A230-4CF5-817A-38DBE150BE7E}.Release|x86.ActiveCfg = Release|x86
		{A83430C4-A230-4CF5-817A-38DBE150BE7E}.Release|x86.Build.0 = Release|x86
	EndGlobalSection
	GlobalSection(SolutionProperties) = preSolution
		HideSolutionNode = FALSE
	EndGlobalSection
	GlobalSection(ExtensibilityGlobals) = postSolution
		SolutionGuid = {473D4B7E-3A55-4B0E-8FE0-C8E47DD1F4AF}
	EndGlobalSection
EndGlobal
